
Microsoft Visual Studio Solution File, Format Version 12.00
# Visual Studio 15
VisualStudioVersion = 15.0.28307.572
MinimumVisualStudioVersion = 10.0.40219.1
Project("{FAE04EC0-301F-11D3-BF4B-00C04F79EFBC}") = "PaginaInicial", "PaginaInicial\PaginaInicial.csproj", "{437BB235-2C09-48EA-8FB1-B517F314433A}"
EndProject
Global
	GlobalSection(SolutionConfigurationPlatforms) = preSolution
		Debug|Any CPU = Debug|Any CPU
		Release|Any CPU = Release|Any CPU
	EndGlobalSection
	GlobalSection(ProjectConfigurationPlatforms) = postSolution
		{437BB235-2C09-48EA-8FB1-B517F314433A}.Debug|Any CPU.ActiveCfg = Debug|Any CPU
		{437BB235-2C09-48EA-8FB1-B517F314433A}.Debug|Any CPU.Build.0 = Debug|Any CPU
		{437BB235-2C09-48EA-8FB1-B517F314433A}.Release|Any CPU.ActiveCfg = Release|Any CPU
		{437BB235-2C09-48EA-8FB1-B517F314433A}.Release|Any CPU.Build.0 = Release|Any CPU
	EndGlobalSection
	GlobalSection(SolutionProperties) = preSolution
		HideSolutionNode = FALSE
	EndGlobalSection
	GlobalSection(ExtensibilityGlobals) = postSolution
		SolutionGuid = {D01A8580-1A85-4677-AE17-4A2B7CFAC715}
	EndGlobalSection
EndGlobal
